<?xml version="1.0" encoding="utf-8"?>
<Project ToolsVersion="4.0" xmlns="http://schemas.microsoft.com/developer/msbuild/2003">
  <ItemGroup>
    <Filter Include="原始程式檔">
      <UniqueIdentifier>{4FC737F1-C7A5-4376-A066-2A32D752A2FF}</UniqueIdentifier>
      <Extensions>cpp;c;cc;cxx;def;odl;idl;hpj;bat;asm;asmx</Extensions>
    </Filter>
    <Filter Include="標頭檔">
      <UniqueIdentifier>{93995380-89BD-4b04-88EB-625FBE52EBFB}</UniqueIdentifier>
      <Extensions>h;hpp;hxx;hm;inl;inc;xsd</Extensions>
    </Filter>
    <Filter Include="資源檔">
      <UniqueIdentifier>{67DA6AB6-F800-4c08-8B7A-83BB121AAD01}</UniqueIdentifier>
      <Extensions>rc;ico;cur;bmp;dlg;rc2;rct;bin;rgs;gif;jpg;jpeg;jpe;resx;tiff;tif;png;wav;mfcribbon-ms</Extensions>
    </Filter>
  </ItemGroup>
  <ItemGroup>
    <ClInclude Include="benchmark.h">
      <Filter>標頭檔</Filter>
    </ClInclude>
    <ClInclude Include="cache.hpp">
      <Filter>標頭檔</Filter>
    </ClInclude>
    <ClInclude Include="chromosome.hpp">
      <Filter>標頭檔</Filter>
    </ClInclude>
    <ClInclude Include="codetable.h">
      <Filter>標頭檔</Filter>
    </ClInclude>
    <ClInclude Include="ecga.hpp">
      <Filter>標頭檔</Filter>
    </ClInclude>
    <ClInclude Include="elem.h">
      <Filter>標頭檔</Filter>
    </ClInclude>
    <ClInclude Include="F01_shifted_sphere.h">
      <Filter>標頭檔</Filter>
    </ClInclude>
    <ClInclude Include="F02_shifted_schwefel.h">
      <Filter>標頭檔</Filter>
    </ClInclude>
    <ClInclude Include="F03_shifted_rotated_high_cond_elliptic.h">
      <Filter>標頭檔</Filter>
    </ClInclude>
    <ClInclude Include="F04_shifted_schwefel_noise.h">
      <Filter>標頭檔</Filter>
    </ClInclude>
    <ClInclude Include="F05_schwefel_global_opt_bound.h">
      <Filter>標頭檔</Filter>
    </ClInclude>
    <ClInclude Include="F06_shifted_rosenbrock.h">
      <Filter>標頭檔</Filter>
    </ClInclude>
    <ClInclude Include="F07_shifted_rotated_griewank.h">
      <Filter>標頭檔</Filter>
    </ClInclude>
    <ClInclude Include="F08_shifted_rotated_ackley_global_opt_bound.h">
      <Filter>標頭檔</Filter>
    </ClInclude>
    <ClInclude Include="F09_shifted_rastrigin.h">
      <Filter>標頭檔</Filter>
    </ClInclude>
    <ClInclude Include="F10_shifted_rotated_rastrigin.h">
      <Filter>標頭檔</Filter>
    </ClInclude>
    <ClInclude Include="F11_shifted_rotated_weierstrass.h">
      <Filter>標頭檔</Filter>
    </ClInclude>
    <ClInclude Include="F12_schwefel.h">
      <Filter>標頭檔</Filter>
    </ClInclude>
    <ClInclude Include="F13_shifted_expanded_griewank_rosenbrock.h">
      <Filter>標頭檔</Filter>
    </ClInclude>
    <ClInclude Include="F14_shifted_rotated_expanded_scaffer.h">
      <Filter>標頭檔</Filter>
    </ClInclude>
    <ClInclude Include="F15_hybrid_composition_1.h">
      <Filter>標頭檔</Filter>
    </ClInclude>
    <ClInclude Include="F16_rotated_hybrid_composition_1.h">
      <Filter>標頭檔</Filter>
    </ClInclude>
    <ClInclude Include="F17_rotated_hybrid_composition_1_noise.h">
      <Filter>標頭檔</Filter>
    </ClInclude>
    <ClInclude Include="F18_rotated_hybrid_composition_2.h">
      <Filter>標頭檔</Filter>
    </ClInclude>
    <ClInclude Include="F19_rotated_hybrid_composition_2_narrow_basin_global_opt.h">
      <Filter>標頭檔</Filter>
    </ClInclude>
    <ClInclude Include="F20_rotated_hybrid_composition_2_global_opt_bound.h">
      <Filter>標頭檔</Filter>
    </ClInclude>
    <ClInclude Include="F21_rotated_hybrid_composition_3.h">
      <Filter>標頭檔</Filter>
    </ClInclude>
    <ClInclude Include="F22_rotated_hybrid_composition_3_high_cond_num_matrix.h">
      <Filter>標頭檔</Filter>
    </ClInclude>
    <ClInclude Include="F23_noncontinuous_rotated_hybrid_composition_3.h">
      <Filter>標頭檔</Filter>
    </ClInclude>
    <ClInclude Include="F24_rotated_hybrid_composition_4.h">
      <Filter>標頭檔</Filter>
    </ClInclude>
    <ClInclude Include="F25_rotated_hybrid_composition_4_bound.h">
      <Filter>標頭檔</Filter>
    </ClInclude>
    <ClInclude Include="gene.hpp">
      <Filter>標頭檔</Filter>
    </ClInclude>
    <ClInclude Include="HCJob.h">
      <Filter>標頭檔</Filter>
    </ClInclude>
    <ClInclude Include="mpm.hpp">
      <Filter>標頭檔</Filter>
    </ClInclude>
    <ClInclude Include="objfunc.hpp">
      <Filter>標頭檔</Filter>
    </ClInclude>
    <ClInclude Include="parameter.hpp">
      <Filter>標頭檔</Filter>
    </ClInclude>
    <ClInclude Include="population.hpp">
      <Filter>標頭檔</Filter>
    </ClInclude>
    <ClInclude Include="random.hpp">
      <Filter>標頭檔</Filter>
    </ClInclude>
    <ClInclude Include="subset.hpp">
      <Filter>標頭檔</Filter>
    </ClInclude>
    <ClInclude Include="test_func.h">
      <Filter>標頭檔</Filter>
    </ClInclude>
    <ClInclude Include="utility.hpp">
      <Filter>標頭檔</Filter>
    </ClInclude>
    <ClInclude Include="F26_8_peaks1.h">
      <Filter>標頭檔</Filter>
    </ClInclude>
    <ClInclude Include="F27_8_peaks2.h">
      <Filter>標頭檔</Filter>
    </ClInclude>
  </ItemGroup>
  <ItemGroup>
    <ClCompile Include="benchmark.cpp">
      <Filter>資源檔</Filter>
    </ClCompile>
    <ClCompile Include="cache.cpp">
      <Filter>資源檔</Filter>
    </ClCompile>
    <ClCompile Include="chromosome.cpp">
      <Filter>資源檔</Filter>
    </ClCompile>
    <ClCompile Include="codetable.cpp">
      <Filter>資源檔</Filter>
    </ClCompile>
    <ClCompile Include="ecga.cpp">
      <Filter>資源檔</Filter>
    </ClCompile>
    <ClCompile Include="F01_shifted_sphere.cpp">
      <Filter>資源檔</Filter>
    </ClCompile>
    <ClCompile Include="F02_shifted_schwefel.cpp">
      <Filter>資源檔</Filter>
    </ClCompile>
    <ClCompile Include="F03_shifted_rotated_high_cond_elliptic.cpp">
      <Filter>資源檔</Filter>
    </ClCompile>
    <ClCompile Include="F04_shifted_schwefel_noise.cpp">
      <Filter>資源檔</Filter>
    </ClCompile>
    <ClCompile Include="F05_schwefel_global_opt_bound.cpp">
      <Filter>資源檔</Filter>
    </ClCompile>
    <ClCompile Include="F06_shifted_rosenbrock.cpp">
      <Filter>資源檔</Filter>
    </ClCompile>
    <ClCompile Include="F07_shifted_rotated_griewank.cpp">
      <Filter>資源檔</Filter>
    </ClCompile>
    <ClCompile Include="F08_shifted_rotated_ackley_global_opt_bound.cpp">
      <Filter>資源檔</Filter>
    </ClCompile>
    <ClCompile Include="F09_shifted_rastrigin.cpp">
      <Filter>資源檔</Filter>
    </ClCompile>
    <ClCompile Include="F10_shifted_rotated_rastrigin.cpp">
      <Filter>資源檔</Filter>
    </ClCompile>
    <ClCompile Include="F11_shifted_rotated_weierstrass.cpp">
      <Filter>資源檔</Filter>
    </ClCompile>
    <ClCompile Include="F12_schwefel.cpp">
      <Filter>資源檔</Filter>
    </ClCompile>
    <ClCompile Include="F13_shifted_expanded_griewank_rosenbrock.cpp">
      <Filter>資源檔</Filter>
    </ClCompile>
    <ClCompile Include="F14_shifted_rotated_expanded_scaffer.cpp">
      <Filter>資源檔</Filter>
    </ClCompile>
    <ClCompile Include="F15_hybrid_composition_1.cpp">
      <Filter>資源檔</Filter>
    </ClCompile>
    <ClCompile Include="F16_rotated_hybrid_composition_1.cpp">
      <Filter>資源檔</Filter>
    </ClCompile>
    <ClCompile Include="F17_rotated_hybrid_composition_1_noise.cpp">
      <Filter>資源檔</Filter>
    </ClCompile>
    <ClCompile Include="F18_rotated_hybrid_composition_2.cpp">
      <Filter>資源檔</Filter>
    </ClCompile>
    <ClCompile Include="F19_rotated_hybrid_composition_2_narrow_basin_global_opt.cpp">
      <Filter>資源檔</Filter>
    </ClCompile>
    <ClCompile Include="F20_rotated_hybrid_composition_2_global_opt_bound.cpp">
      <Filter>資源檔</Filter>
    </ClCompile>
    <ClCompile Include="F21_rotated_hybrid_composition_3.cpp">
      <Filter>資源檔</Filter>
    </ClCompile>
    <ClCompile Include="F22_rotated_hybrid_composition_3_high_cond_num_matrix.cpp">
      <Filter>資源檔</Filter>
    </ClCompile>
    <ClCompile Include="F23_noncontinuous_rotated_hybrid_composition_3.cpp">
      <Filter>資源檔</Filter>
    </ClCompile>
    <ClCompile Include="F24_rotated_hybrid_composition_4.cpp">
      <Filter>資源檔</Filter>
    </ClCompile>
    <ClCompile Include="F25_rotated_hybrid_composition_4_bound.cpp">
      <Filter>資源檔</Filter>
    </ClCompile>
    <ClCompile Include="gene.cpp">
      <Filter>資源檔</Filter>
    </ClCompile>
    <ClCompile Include="main.cpp">
      <Filter>資源檔</Filter>
    </ClCompile>
    <ClCompile Include="mpm.cpp">
      <Filter>資源檔</Filter>
    </ClCompile>
    <ClCompile Include="objfunc.cpp">
      <Filter>資源檔</Filter>
    </ClCompile>
    <ClCompile Include="population.cpp">
      <Filter>資源檔</Filter>
    </ClCompile>
    <ClCompile Include="random.cpp">
      <Filter>資源檔</Filter>
    </ClCompile>
    <ClCompile Include="subset.cpp">
      <Filter>資源檔</Filter>
    </ClCompile>
    <ClCompile Include="utility.cpp">
      <Filter>資源檔</Filter>
    </ClCompile>
    <ClCompile Include="F26_8_peaks1.cpp">
      <Filter>資源檔</Filter>
    </ClCompile>
    <ClCompile Include="F27_8_peaks2.cpp">
      <Filter>資源檔</Filter>
    </ClCompile>
  </ItemGroup>
</Project>